// !$*UTF8*$!
{
	archiveVersion = 1;
	classes = {
	};
	objectVersion = 56;
	objects = {

/* Begin PBXBuildFile section */
		CB53107729D98C0200E3EA5E /* AppDelegate.swift in Sources */ = {isa = PBXBuildFile; fileRef = CB53107629D98C0200E3EA5E /* AppDelegate.swift */; };
		CB53107929D98C0200E3EA5E /* SceneDelegate.swift in Sources */ = {isa = PBXBuildFile; fileRef = CB53107829D98C0200E3EA5E /* SceneDelegate.swift */; };
		CB53107B29D98C0200E3EA5E /* RMTabViewController.swift in Sources */ = {isa = PBXBuildFile; fileRef = CB53107A29D98C0200E3EA5E /* RMTabViewController.swift */; };
		CB53108029D98C0300E3EA5E /* Assets.xcassets in Resources */ = {isa = PBXBuildFile; fileRef = CB53107F29D98C0300E3EA5E /* Assets.xcassets */; };
		CB53108329D98C0300E3EA5E /* LaunchScreen.storyboard in Resources */ = {isa = PBXBuildFile; fileRef = CB53108129D98C0300E3EA5E /* LaunchScreen.storyboard */; };
		CB53109229D98ECD00E3EA5E /* RMLocation.swift in Sources */ = {isa = PBXBuildFile; fileRef = CB53109129D98ECD00E3EA5E /* RMLocation.swift */; };
		CB53109429D98EDE00E3EA5E /* RMCharacter.swift in Sources */ = {isa = PBXBuildFile; fileRef = CB53109329D98EDE00E3EA5E /* RMCharacter.swift */; };
		CB53109629D98EEA00E3EA5E /* RMEpisode.swift in Sources */ = {isa = PBXBuildFile; fileRef = CB53109529D98EEA00E3EA5E /* RMEpisode.swift */; };
		CB53109829D98F6E00E3EA5E /* RMCharacterViewController.swift in Sources */ = {isa = PBXBuildFile; fileRef = CB53109729D98F6E00E3EA5E /* RMCharacterViewController.swift */; };
		CB53109A29D98F7B00E3EA5E /* RMEpisodeViewController.swift in Sources */ = {isa = PBXBuildFile; fileRef = CB53109929D98F7B00E3EA5E /* RMEpisodeViewController.swift */; };
		CB53109C29D98F8500E3EA5E /* RMLocationViewController.swift in Sources */ = {isa = PBXBuildFile; fileRef = CB53109B29D98F8500E3EA5E /* RMLocationViewController.swift */; };
		CB53109E29D98F8E00E3EA5E /* RMSettingsViewController.swift in Sources */ = {isa = PBXBuildFile; fileRef = CB53109D29D98F8E00E3EA5E /* RMSettingsViewController.swift */; };
		CB5310A029D99A0E00E3EA5E /* RMService.swift in Sources */ = {isa = PBXBuildFile; fileRef = CB53109F29D99A0E00E3EA5E /* RMService.swift */; };
		CB5310A229D99A2400E3EA5E /* RMRequest.swift in Sources */ = {isa = PBXBuildFile; fileRef = CB5310A129D99A2400E3EA5E /* RMRequest.swift */; };
		CB5310A429D99ABF00E3EA5E /* RMEndPoint.swift in Sources */ = {isa = PBXBuildFile; fileRef = CB5310A329D99ABF00E3EA5E /* RMEndPoint.swift */; };
		CB5310A729D9A38800E3EA5E /* RMOrigin.swift in Sources */ = {isa = PBXBuildFile; fileRef = CB5310A629D9A38800E3EA5E /* RMOrigin.swift */; };
		CB5310A929D9A3F000E3EA5E /* RMSingleLocation.swift in Sources */ = {isa = PBXBuildFile; fileRef = CB5310A829D9A3F000E3EA5E /* RMSingleLocation.swift */; };
		CB5310AD29D9A4B100E3EA5E /* RMCharacterStatus.swift in Sources */ = {isa = PBXBuildFile; fileRef = CB5310AC29D9A4B100E3EA5E /* RMCharacterStatus.swift */; };
		CB5310AF29D9A4D500E3EA5E /* RMCharacterGender.swift in Sources */ = {isa = PBXBuildFile; fileRef = CB5310AE29D9A4D500E3EA5E /* RMCharacterGender.swift */; };
		CB5310B429DA23D000E3EA5E /* RMGetAllCharactersResponse.swift in Sources */ = {isa = PBXBuildFile; fileRef = CB5310B329DA23D000E3EA5E /* RMGetAllCharactersResponse.swift */; };
		CB5310B629DA240200E3EA5E /* RMResponseInfo.swift in Sources */ = {isa = PBXBuildFile; fileRef = CB5310B529DA240200E3EA5E /* RMResponseInfo.swift */; };
		CB5310B829DA248C00E3EA5E /* RMGetAllEpisodesResponse.swift in Sources */ = {isa = PBXBuildFile; fileRef = CB5310B729DA248C00E3EA5E /* RMGetAllEpisodesResponse.swift */; };
		CB5310BA29DA24B400E3EA5E /* RMGetAllLocationResponse.swift in Sources */ = {isa = PBXBuildFile; fileRef = CB5310B929DA24B400E3EA5E /* RMGetAllLocationResponse.swift */; };
		CB5310BC29DA270000E3EA5E /* RMCharacterListViewModel.swift in Sources */ = {isa = PBXBuildFile; fileRef = CB5310BB29DA270000E3EA5E /* RMCharacterListViewModel.swift */; };
		CB5310BE29DA2C7C00E3EA5E /* RMCharacterListView.swift in Sources */ = {isa = PBXBuildFile; fileRef = CB5310BD29DA2C7C00E3EA5E /* RMCharacterListView.swift */; };
		CB5310C029DA2F2100E3EA5E /* Extentions.swift in Sources */ = {isa = PBXBuildFile; fileRef = CB5310BF29DA2F2100E3EA5E /* Extentions.swift */; };
		CB5310C429DA32FB00E3EA5E /* RMCharecterCollectionViewCell.swift in Sources */ = {isa = PBXBuildFile; fileRef = CB5310C329DA32FB00E3EA5E /* RMCharecterCollectionViewCell.swift */; };
		CB5310C629DA339E00E3EA5E /* RMCharecterCollectionViewCellViewModel.swift in Sources */ = {isa = PBXBuildFile; fileRef = CB5310C529DA339E00E3EA5E /* RMCharecterCollectionViewCellViewModel.swift */; };
		CB5310C929DA34DD00E3EA5E /* RMCharacterListViewController.swift in Sources */ = {isa = PBXBuildFile; fileRef = CB5310C829DA34DD00E3EA5E /* RMCharacterListViewController.swift */; };
/* End PBXBuildFile section */

/* Begin PBXFileReference section */
		CB53107329D98C0200E3EA5E /* RickAndMorty.app */ = {isa = PBXFileReference; explicitFileType = wrapper.application; includeInIndex = 0; path = RickAndMorty.app; sourceTree = BUILT_PRODUCTS_DIR; };
		CB53107629D98C0200E3EA5E /* AppDelegate.swift */ = {isa = PBXFileReference; lastKnownFileType = sourcecode.swift; path = AppDelegate.swift; sourceTree = "<group>"; };
		CB53107829D98C0200E3EA5E /* SceneDelegate.swift */ = {isa = PBXFileReference; lastKnownFileType = sourcecode.swift; path = SceneDelegate.swift; sourceTree = "<group>"; };
		CB53107A29D98C0200E3EA5E /* RMTabViewController.swift */ = {isa = PBXFileReference; lastKnownFileType = sourcecode.swift; path = RMTabViewController.swift; sourceTree = "<group>"; };
		CB53107F29D98C0300E3EA5E /* Assets.xcassets */ = {isa = PBXFileReference; lastKnownFileType = folder.assetcatalog; path = Assets.xcassets; sourceTree = "<group>"; };
		CB53108229D98C0300E3EA5E /* Base */ = {isa = PBXFileReference; lastKnownFileType = file.storyboard; name = Base; path = Base.lproj/LaunchScreen.storyboard; sourceTree = "<group>"; };
		CB53108429D98C0300E3EA5E /* Info.plist */ = {isa = PBXFileReference; lastKnownFileType = text.plist.xml; path = Info.plist; sourceTree = "<group>"; };
		CB53109129D98ECD00E3EA5E /* RMLocation.swift */ = {isa = PBXFileReference; lastKnownFileType = sourcecode.swift; path = RMLocation.swift; sourceTree = "<group>"; };
		CB53109329D98EDE00E3EA5E /* RMCharacter.swift */ = {isa = PBXFileReference; lastKnownFileType = sourcecode.swift; path = RMCharacter.swift; sourceTree = "<group>"; };
		CB53109529D98EEA00E3EA5E /* RMEpisode.swift */ = {isa = PBXFileReference; lastKnownFileType = sourcecode.swift; path = RMEpisode.swift; sourceTree = "<group>"; };
		CB53109729D98F6E00E3EA5E /* RMCharacterViewController.swift */ = {isa = PBXFileReference; lastKnownFileType = sourcecode.swift; path = RMCharacterViewController.swift; sourceTree = "<group>"; };
		CB53109929D98F7B00E3EA5E /* RMEpisodeViewController.swift */ = {isa = PBXFileReference; lastKnownFileType = sourcecode.swift; path = RMEpisodeViewController.swift; sourceTree = "<group>"; };
		CB53109B29D98F8500E3EA5E /* RMLocationViewController.swift */ = {isa = PBXFileReference; lastKnownFileType = sourcecode.swift; path = RMLocationViewController.swift; sourceTree = "<group>"; };
		CB53109D29D98F8E00E3EA5E /* RMSettingsViewController.swift */ = {isa = PBXFileReference; lastKnownFileType = sourcecode.swift; path = RMSettingsViewController.swift; sourceTree = "<group>"; };
		CB53109F29D99A0E00E3EA5E /* RMService.swift */ = {isa = PBXFileReference; lastKnownFileType = sourcecode.swift; path = RMService.swift; sourceTree = "<group>"; };
		CB5310A129D99A2400E3EA5E /* RMRequest.swift */ = {isa = PBXFileReference; lastKnownFileType = sourcecode.swift; path = RMRequest.swift; sourceTree = "<group>"; };
		CB5310A329D99ABF00E3EA5E /* RMEndPoint.swift */ = {isa = PBXFileReference; lastKnownFileType = sourcecode.swift; path = RMEndPoint.swift; sourceTree = "<group>"; };
		CB5310A629D9A38800E3EA5E /* RMOrigin.swift */ = {isa = PBXFileReference; lastKnownFileType = sourcecode.swift; path = RMOrigin.swift; sourceTree = "<group>"; };
		CB5310A829D9A3F000E3EA5E /* RMSingleLocation.swift */ = {isa = PBXFileReference; lastKnownFileType = sourcecode.swift; path = RMSingleLocation.swift; sourceTree = "<group>"; };
		CB5310AC29D9A4B100E3EA5E /* RMCharacterStatus.swift */ = {isa = PBXFileReference; lastKnownFileType = sourcecode.swift; path = RMCharacterStatus.swift; sourceTree = "<group>"; };
		CB5310AE29D9A4D500E3EA5E /* RMCharacterGender.swift */ = {isa = PBXFileReference; lastKnownFileType = sourcecode.swift; path = RMCharacterGender.swift; sourceTree = "<group>"; };
		CB5310B329DA23D000E3EA5E /* RMGetAllCharactersResponse.swift */ = {isa = PBXFileReference; lastKnownFileType = sourcecode.swift; path = RMGetAllCharactersResponse.swift; sourceTree = "<group>"; };
		CB5310B529DA240200E3EA5E /* RMResponseInfo.swift */ = {isa = PBXFileReference; lastKnownFileType = sourcecode.swift; path = RMResponseInfo.swift; sourceTree = "<group>"; };
		CB5310B729DA248C00E3EA5E /* RMGetAllEpisodesResponse.swift */ = {isa = PBXFileReference; lastKnownFileType = sourcecode.swift; path = RMGetAllEpisodesResponse.swift; sourceTree = "<group>"; };
		CB5310B929DA24B400E3EA5E /* RMGetAllLocationResponse.swift */ = {isa = PBXFileReference; lastKnownFileType = sourcecode.swift; path = RMGetAllLocationResponse.swift; sourceTree = "<group>"; };
		CB5310BB29DA270000E3EA5E /* RMCharacterListViewModel.swift */ = {isa = PBXFileReference; lastKnownFileType = sourcecode.swift; path = RMCharacterListViewModel.swift; sourceTree = "<group>"; };
		CB5310BD29DA2C7C00E3EA5E /* RMCharacterListView.swift */ = {isa = PBXFileReference; lastKnownFileType = sourcecode.swift; path = RMCharacterListView.swift; sourceTree = "<group>"; };
		CB5310BF29DA2F2100E3EA5E /* Extentions.swift */ = {isa = PBXFileReference; lastKnownFileType = sourcecode.swift; path = Extentions.swift; sourceTree = "<group>"; };
		CB5310C329DA32FB00E3EA5E /* RMCharecterCollectionViewCell.swift */ = {isa = PBXFileReference; lastKnownFileType = sourcecode.swift; path = RMCharecterCollectionViewCell.swift; sourceTree = "<group>"; };
		CB5310C529DA339E00E3EA5E /* RMCharecterCollectionViewCellViewModel.swift */ = {isa = PBXFileReference; lastKnownFileType = sourcecode.swift; path = RMCharecterCollectionViewCellViewModel.swift; sourceTree = "<group>"; };
		CB5310C829DA34DD00E3EA5E /* RMCharacterListViewController.swift */ = {isa = PBXFileReference; lastKnownFileType = sourcecode.swift; path = RMCharacterListViewController.swift; sourceTree = "<group>"; };
/* End PBXFileReference section */

/* Begin PBXFrameworksBuildPhase section */
		CB53107029D98C0200E3EA5E /* Frameworks */ = {
			isa = PBXFrameworksBuildPhase;
			buildActionMask = 2147483647;
			files = (
			);
			runOnlyForDeploymentPostprocessing = 0;
		};
/* End PBXFrameworksBuildPhase section */

/* Begin PBXGroup section */
		CB53106A29D98C0200E3EA5E = {
			isa = PBXGroup;
			children = (
				CB53107529D98C0200E3EA5E /* RickAndMorty */,
				CB53107429D98C0200E3EA5E /* Products */,
			);
			sourceTree = "<group>";
		};
		CB53107429D98C0200E3EA5E /* Products */ = {
			isa = PBXGroup;
			children = (
				CB53107329D98C0200E3EA5E /* RickAndMorty.app */,
			);
			name = Products;
			sourceTree = "<group>";
		};
		CB53107529D98C0200E3EA5E /* RickAndMorty */ = {
			isa = PBXGroup;
			children = (
				CB53109029D98E5B00E3EA5E /* Resources */,
				CB53108F29D98E5300E3EA5E /* Managers */,
				CB53108E29D98E4600E3EA5E /* APIClient */,
				CB53108D29D98E3700E3EA5E /* ViewModels */,
				CB53108C29D98E2D00E3EA5E /* Views */,
				CB53108B29D98E2400E3EA5E /* Models */,
				CB53108A29D98E1500E3EA5E /* Controllers */,
				CB53108429D98C0300E3EA5E /* Info.plist */,
			);
			path = RickAndMorty;
			sourceTree = "<group>";
		};
		CB53108A29D98E1500E3EA5E /* Controllers */ = {
			isa = PBXGroup;
			children = (
				CB5310C729DA34A600E3EA5E /* Core */,
				CB5310C829DA34DD00E3EA5E /* RMCharacterListViewController.swift */,
			);
			path = Controllers;
			sourceTree = "<group>";
		};
		CB53108B29D98E2400E3EA5E /* Models */ = {
			isa = PBXGroup;
			children = (
				CB5310B229DA23A100E3EA5E /* DataTypes */,
				CB5310B129DA239200E3EA5E /* APIResponseTypes */,
			);
			path = Models;
			sourceTree = "<group>";
		};
		CB53108C29D98E2D00E3EA5E /* Views */ = {
			isa = PBXGroup;
			children = (
				CB5310BD29DA2C7C00E3EA5E /* RMCharacterListView.swift */,
				CB5310C329DA32FB00E3EA5E /* RMCharecterCollectionViewCell.swift */,
			);
			path = Views;
			sourceTree = "<group>";
		};
		CB53108D29D98E3700E3EA5E /* ViewModels */ = {
			isa = PBXGroup;
			children = (
				CB5310BB29DA270000E3EA5E /* RMCharacterListViewModel.swift */,
				CB5310C529DA339E00E3EA5E /* RMCharecterCollectionViewCellViewModel.swift */,
			);
			path = ViewModels;
			sourceTree = "<group>";
		};
		CB53108E29D98E4600E3EA5E /* APIClient */ = {
			isa = PBXGroup;
			children = (
				CB53109F29D99A0E00E3EA5E /* RMService.swift */,
				CB5310A129D99A2400E3EA5E /* RMRequest.swift */,
				CB5310A329D99ABF00E3EA5E /* RMEndPoint.swift */,
			);
			path = APIClient;
			sourceTree = "<group>";
		};
		CB53108F29D98E5300E3EA5E /* Managers */ = {
			isa = PBXGroup;
			children = (
			);
			path = Managers;
			sourceTree = "<group>";
		};
		CB53109029D98E5B00E3EA5E /* Resources */ = {
			isa = PBXGroup;
			children = (
				CB53107629D98C0200E3EA5E /* AppDelegate.swift */,
				CB53107829D98C0200E3EA5E /* SceneDelegate.swift */,
				CB53107F29D98C0300E3EA5E /* Assets.xcassets */,
				CB53108129D98C0300E3EA5E /* LaunchScreen.storyboard */,
				CB5310BF29DA2F2100E3EA5E /* Extentions.swift */,
			);
			path = Resources;
			sourceTree = "<group>";
		};
		CB5310B029DA238000E3EA5E /* Helper */ = {
			isa = PBXGroup;
			children = (
				CB5310A629D9A38800E3EA5E /* RMOrigin.swift */,
				CB5310A829D9A3F000E3EA5E /* RMSingleLocation.swift */,
				CB5310AC29D9A4B100E3EA5E /* RMCharacterStatus.swift */,
				CB5310AE29D9A4D500E3EA5E /* RMCharacterGender.swift */,
			);
			path = Helper;
			sourceTree = "<group>";
		};
		CB5310B129DA239200E3EA5E /* APIResponseTypes */ = {
			isa = PBXGroup;
			children = (
				CB5310B329DA23D000E3EA5E /* RMGetAllCharactersResponse.swift */,
				CB5310B529DA240200E3EA5E /* RMResponseInfo.swift */,
				CB5310B729DA248C00E3EA5E /* RMGetAllEpisodesResponse.swift */,
				CB5310B929DA24B400E3EA5E /* RMGetAllLocationResponse.swift */,
			);
			path = APIResponseTypes;
			sourceTree = "<group>";
		};
		CB5310B229DA23A100E3EA5E /* DataTypes */ = {
			isa = PBXGroup;
			children = (
				CB5310B029DA238000E3EA5E /* Helper */,
				CB53109129D98ECD00E3EA5E /* RMLocation.swift */,
				CB53109329D98EDE00E3EA5E /* RMCharacter.swift */,
				CB53109529D98EEA00E3EA5E /* RMEpisode.swift */,
			);
			path = DataTypes;
			sourceTree = "<group>";
		};
		CB5310C729DA34A600E3EA5E /* Core */ = {
			isa = PBXGroup;
			children = (
				CB53107A29D98C0200E3EA5E /* RMTabViewController.swift */,
				CB53109729D98F6E00E3EA5E /* RMCharacterViewController.swift */,
				CB53109929D98F7B00E3EA5E /* RMEpisodeViewController.swift */,
				CB53109B29D98F8500E3EA5E /* RMLocationViewController.swift */,
				CB53109D29D98F8E00E3EA5E /* RMSettingsViewController.swift */,
			);
			path = Core;
			sourceTree = "<group>";
		};
/* End PBXGroup section */

/* Begin PBXNativeTarget section */
		CB53107229D98C0200E3EA5E /* RickAndMorty */ = {
			isa = PBXNativeTarget;
			buildConfigurationList = CB53108729D98C0300E3EA5E /* Build configuration list for PBXNativeTarget "RickAndMorty" */;
			buildPhases = (
				CB53106F29D98C0200E3EA5E /* Sources */,
				CB53107029D98C0200E3EA5E /* Frameworks */,
				CB53107129D98C0200E3EA5E /* Resources */,
			);
			buildRules = (
			);
			dependencies = (
			);
			name = RickAndMorty;
			productName = RickAndMorty;
			productReference = CB53107329D98C0200E3EA5E /* RickAndMorty.app */;
			productType = "com.apple.product-type.application";
		};
/* End PBXNativeTarget section */

/* Begin PBXProject section */
		CB53106B29D98C0200E3EA5E /* Project object */ = {
			isa = PBXProject;
			attributes = {
				BuildIndependentTargetsInParallel = 1;
				LastSwiftUpdateCheck = 1420;
				LastUpgradeCheck = 1420;
				TargetAttributes = {
					CB53107229D98C0200E3EA5E = {
						CreatedOnToolsVersion = 14.2;
					};
				};
			};
			buildConfigurationList = CB53106E29D98C0200E3EA5E /* Build configuration list for PBXProject "RickAndMorty" */;
			compatibilityVersion = "Xcode 14.0";
			developmentRegion = en;
			hasScannedForEncodings = 0;
			knownRegions = (
				en,
				Base,
			);
			mainGroup = CB53106A29D98C0200E3EA5E;
			productRefGroup = CB53107429D98C0200E3EA5E /* Products */;
			projectDirPath = "";
			projectRoot = "";
			targets = (
				CB53107229D98C0200E3EA5E /* RickAndMorty */,
			);
		};
/* End PBXProject section */

/* Begin PBXResourcesBuildPhase section */
		CB53107129D98C0200E3EA5E /* Resources */ = {
			isa = PBXResourcesBuildPhase;
			buildActionMask = 2147483647;
			files = (
				CB53108329D98C0300E3EA5E /* LaunchScreen.storyboard in Resources */,
				CB53108029D98C0300E3EA5E /* Assets.xcassets in Resources */,
			);
			runOnlyForDeploymentPostprocessing = 0;
		};
/* End PBXResourcesBuildPhase section */

/* Begin PBXSourcesBuildPhase section */
		CB53106F29D98C0200E3EA5E /* Sources */ = {
			isa = PBXSourcesBuildPhase;
			buildActionMask = 2147483647;
			files = (
				CB53109C29D98F8500E3EA5E /* RMLocationViewController.swift in Sources */,
				CB5310A929D9A3F000E3EA5E /* RMSingleLocation.swift in Sources */,
				CB5310B429DA23D000E3EA5E /* RMGetAllCharactersResponse.swift in Sources */,
				CB5310AD29D9A4B100E3EA5E /* RMCharacterStatus.swift in Sources */,
				CB5310B829DA248C00E3EA5E /* RMGetAllEpisodesResponse.swift in Sources */,
				CB5310AF29D9A4D500E3EA5E /* RMCharacterGender.swift in Sources */,
				CB53107B29D98C0200E3EA5E /* RMTabViewController.swift in Sources */,
				CB5310BC29DA270000E3EA5E /* RMCharacterListViewModel.swift in Sources */,
				CB53107729D98C0200E3EA5E /* AppDelegate.swift in Sources */,
				CB53109629D98EEA00E3EA5E /* RMEpisode.swift in Sources */,
				CB53107929D98C0200E3EA5E /* SceneDelegate.swift in Sources */,
				CB53109229D98ECD00E3EA5E /* RMLocation.swift in Sources */,
				CB5310A729D9A38800E3EA5E /* RMOrigin.swift in Sources */,
				CB53109E29D98F8E00E3EA5E /* RMSettingsViewController.swift in Sources */,
				CB5310A429D99ABF00E3EA5E /* RMEndPoint.swift in Sources */,
				CB5310A029D99A0E00E3EA5E /* RMService.swift in Sources */,
				CB53109429D98EDE00E3EA5E /* RMCharacter.swift in Sources */,
				CB53109829D98F6E00E3EA5E /* RMCharacterViewController.swift in Sources */,
				CB5310A229D99A2400E3EA5E /* RMRequest.swift in Sources */,
				CB5310BA29DA24B400E3EA5E /* RMGetAllLocationResponse.swift in Sources */,
				CB5310C029DA2F2100E3EA5E /* Extentions.swift in Sources */,
				CB5310B629DA240200E3EA5E /* RMResponseInfo.swift in Sources */,
				CB53109A29D98F7B00E3EA5E /* RMEpisodeViewController.swift in Sources */,
				CB5310C429DA32FB00E3EA5E /* RMCharecterCollectionViewCell.swift in Sources */,
				CB5310C629DA339E00E3EA5E /* RMCharecterCollectionViewCellViewModel.swift in Sources */,
				CB5310BE29DA2C7C00E3EA5E /* RMCharacterListView.swift in Sources */,
				CB5310C929DA34DD00E3EA5E /* RMCharacterListViewController.swift in Sources */,
			);
			runOnlyForDeploymentPostprocessing = 0;
		};
/* End PBXSourcesBuildPhase section */

/* Begin PBXVariantGroup section */
		CB53108129D98C0300E3EA5E /* LaunchScreen.storyboard */ = {
			isa = PBXVariantGroup;
			children = (
				CB53108229D98C0300E3EA5E /* Base */,
			);
			name = LaunchScreen.storyboard;
			sourceTree = "<group>";
		};
/* End PBXVariantGroup section */

/* Begin XCBuildConfiguration section */
		CB53108529D98C0300E3EA5E /* Debug */ = {
			isa = XCBuildConfiguration;
			buildSettings = {
				ALWAYS_SEARCH_USER_PATHS = NO;
				CLANG_ANALYZER_NONNULL = YES;
				CLANG_ANALYZER_NUMBER_OBJECT_CONVERSION = YES_AGGRESSIVE;
				CLANG_CXX_LANGUAGE_STANDARD = "gnu++20";
				CLANG_ENABLE_MODULES = YES;
				CLANG_ENABLE_OBJC_ARC = YES;
				CLANG_ENABLE_OBJC_WEAK = YES;
				CLANG_WARN_BLOCK_CAPTURE_AUTORELEASING = YES;
				CLANG_WARN_BOOL_CONVERSION = YES;
				CLANG_WARN_COMMA = YES;
				CLANG_WARN_CONSTANT_CONVERSION = YES;
				CLANG_WARN_DEPRECATED_OBJC_IMPLEMENTATIONS = YES;
				CLANG_WARN_DIRECT_OBJC_ISA_USAGE = YES_ERROR;
				CLANG_WARN_DOCUMENTATION_COMMENTS = YES;
				CLANG_WARN_EMPTY_BODY = YES;
				CLANG_WARN_ENUM_CONVERSION = YES;
				CLANG_WARN_INFINITE_RECURSION = YES;
				CLANG_WARN_INT_CONVERSION = YES;
				CLANG_WARN_NON_LITERAL_NULL_CONVERSION = YES;
				CLANG_WARN_OBJC_IMPLICIT_RETAIN_SELF = YES;
				CLANG_WARN_OBJC_LITERAL_CONVERSION = YES;
				CLANG_WARN_OBJC_ROOT_CLASS = YES_ERROR;
				CLANG_WARN_QUOTED_INCLUDE_IN_FRAMEWORK_HEADER = YES;
				CLANG_WARN_RANGE_LOOP_ANALYSIS = YES;
				CLANG_WARN_STRICT_PROTOTYPES = YES;
				CLANG_WARN_SUSPICIOUS_MOVE = YES;
				CLANG_WARN_UNGUARDED_AVAILABILITY = YES_AGGRESSIVE;
				CLANG_WARN_UNREACHABLE_CODE = YES;
				CLANG_WARN__DUPLICATE_METHOD_MATCH = YES;
				COPY_PHASE_STRIP = NO;
				DEBUG_INFORMATION_FORMAT = dwarf;
				ENABLE_STRICT_OBJC_MSGSEND = YES;
				ENABLE_TESTABILITY = YES;
				GCC_C_LANGUAGE_STANDARD = gnu11;
				GCC_DYNAMIC_NO_PIC = NO;
				GCC_NO_COMMON_BLOCKS = YES;
				GCC_OPTIMIZATION_LEVEL = 0;
				GCC_PREPROCESSOR_DEFINITIONS = (
					"DEBUG=1",
					"$(inherited)",
				);
				GCC_WARN_64_TO_32_BIT_CONVERSION = YES;
				GCC_WARN_ABOUT_RETURN_TYPE = YES_ERROR;
				GCC_WARN_UNDECLARED_SELECTOR = YES;
				GCC_WARN_UNINITIALIZED_AUTOS = YES_AGGRESSIVE;
				GCC_WARN_UNUSED_FUNCTION = YES;
				GCC_WARN_UNUSED_VARIABLE = YES;
				IPHONEOS_DEPLOYMENT_TARGET = 16.2;
				MTL_ENABLE_DEBUG_INFO = INCLUDE_SOURCE;
				MTL_FAST_MATH = YES;
				ONLY_ACTIVE_ARCH = YES;
				SDKROOT = iphoneos;
				SWIFT_ACTIVE_COMPILATION_CONDITIONS = DEBUG;
				SWIFT_OPTIMIZATION_LEVEL = "-Onone";
			};
			name = Debug;
		};
		CB53108629D98C0300E3EA5E /* Release */ = {
			isa = XCBuildConfiguration;
			buildSettings = {
				ALWAYS_SEARCH_USER_PATHS = NO;
				CLANG_ANALYZER_NONNULL = YES;
				CLANG_ANALYZER_NUMBER_OBJECT_CONVERSION = YES_AGGRESSIVE;
				CLANG_CXX_LANGUAGE_STANDARD = "gnu++20";
				CLANG_ENABLE_MODULES = YES;
				CLANG_ENABLE_OBJC_ARC = YES;
				CLANG_ENABLE_OBJC_WEAK = YES;
				CLANG_WARN_BLOCK_CAPTURE_AUTORELEASING = YES;
				CLANG_WARN_BOOL_CONVERSION = YES;
				CLANG_WARN_COMMA = YES;
				CLANG_WARN_CONSTANT_CONVERSION = YES;
				CLANG_WARN_DEPRECATED_OBJC_IMPLEMENTATIONS = YES;
				CLANG_WARN_DIRECT_OBJC_ISA_USAGE = YES_ERROR;
				CLANG_WARN_DOCUMENTATION_COMMENTS = YES;
				CLANG_WARN_EMPTY_BODY = YES;
				CLANG_WARN_ENUM_CONVERSION = YES;
				CLANG_WARN_INFINITE_RECURSION = YES;
				CLANG_WARN_INT_CONVERSION = YES;
				CLANG_WARN_NON_LITERAL_NULL_CONVERSION = YES;
				CLANG_WARN_OBJC_IMPLICIT_RETAIN_SELF = YES;
				CLANG_WARN_OBJC_LITERAL_CONVERSION = YES;
				CLANG_WARN_OBJC_ROOT_CLASS = YES_ERROR;
				CLANG_WARN_QUOTED_INCLUDE_IN_FRAMEWORK_HEADER = YES;
				CLANG_WARN_RANGE_LOOP_ANALYSIS = YES;
				CLANG_WARN_STRICT_PROTOTYPES = YES;
				CLANG_WARN_SUSPICIOUS_MOVE = YES;
				CLANG_WARN_UNGUARDED_AVAILABILITY = YES_AGGRESSIVE;
				CLANG_WARN_UNREACHABLE_CODE = YES;
				CLANG_WARN__DUPLICATE_METHOD_MATCH = YES;
				COPY_PHASE_STRIP = NO;
				DEBUG_INFORMATION_FORMAT = "dwarf-with-dsym";
				ENABLE_NS_ASSERTIONS = NO;
				ENABLE_STRICT_OBJC_MSGSEND = YES;
				GCC_C_LANGUAGE_STANDARD = gnu11;
				GCC_NO_COMMON_BLOCKS = YES;
				GCC_WARN_64_TO_32_BIT_CONVERSION = YES;
				GCC_WARN_ABOUT_RETURN_TYPE = YES_ERROR;
				GCC_WARN_UNDECLARED_SELECTOR = YES;
				GCC_WARN_UNINITIALIZED_AUTOS = YES_AGGRESSIVE;
				GCC_WARN_UNUSED_FUNCTION = YES;
				GCC_WARN_UNUSED_VARIABLE = YES;
				IPHONEOS_DEPLOYMENT_TARGET = 16.2;
				MTL_ENABLE_DEBUG_INFO = NO;
				MTL_FAST_MATH = YES;
				SDKROOT = iphoneos;
				SWIFT_COMPILATION_MODE = wholemodule;
				SWIFT_OPTIMIZATION_LEVEL = "-O";
				VALIDATE_PRODUCT = YES;
			};
			name = Release;
		};
		CB53108829D98C0300E3EA5E /* Debug */ = {
			isa = XCBuildConfiguration;
			buildSettings = {
				ASSETCATALOG_COMPILER_APPICON_NAME = AppIcon;
				ASSETCATALOG_COMPILER_GLOBAL_ACCENT_COLOR_NAME = AccentColor;
				CODE_SIGN_STYLE = Automatic;
				CURRENT_PROJECT_VERSION = 1;
				DEVELOPMENT_TEAM = 8799345SN7;
				GENERATE_INFOPLIST_FILE = YES;
				INFOPLIST_FILE = RickAndMorty/Info.plist;
				INFOPLIST_KEY_UIApplicationSupportsIndirectInputEvents = YES;
				INFOPLIST_KEY_UILaunchStoryboardName = LaunchScreen;
				INFOPLIST_KEY_UISupportedInterfaceOrientations_iPad = "UIInterfaceOrientationPortrait UIInterfaceOrientationPortraitUpsideDown UIInterfaceOrientationLandscapeLeft UIInterfaceOrientationLandscapeRight";
				INFOPLIST_KEY_UISupportedInterfaceOrientations_iPhone = "UIInterfaceOrientationPortrait UIInterfaceOrientationLandscapeLeft UIInterfaceOrientationLandscapeRight";
				LD_RUNPATH_SEARCH_PATHS = (
					"$(inherited)",
					"@executable_path/Frameworks",
				);
				MARKETING_VERSION = 1.0;
				PRODUCT_BUNDLE_IDENTIFIER = com.alihamedi.RickAndMorty;
				PRODUCT_NAME = "$(TARGET_NAME)";
				SWIFT_EMIT_LOC_STRINGS = YES;
				SWIFT_VERSION = 5.0;
				TARGETED_DEVICE_FAMILY = "1,2";
			};
			name = Debug;
		};
		CB53108929D98C0300E3EA5E /* Release */ = {
			isa = XCBuildConfiguration;
			buildSettings = {
				ASSETCATALOG_COMPILER_APPICON_NAME = AppIcon;
				ASSETCATALOG_COMPILER_GLOBAL_ACCENT_COLOR_NAME = AccentColor;
				CODE_SIGN_STYLE = Automatic;
				CURRENT_PROJECT_VERSION = 1;
				DEVELOPMENT_TEAM = 8799345SN7;
				GENERATE_INFOPLIST_FILE = YES;
				INFOPLIST_FILE = RickAndMorty/Info.plist;
				INFOPLIST_KEY_UIApplicationSupportsIndirectInputEvents = YES;
				INFOPLIST_KEY_UILaunchStoryboardName = LaunchScreen;
				INFOPLIST_KEY_UISupportedInterfaceOrientations_iPad = "UIInterfaceOrientationPortrait UIInterfaceOrientationPortraitUpsideDown UIInterfaceOrientationLandscapeLeft UIInterfaceOrientationLandscapeRight";
				INFOPLIST_KEY_UISupportedInterfaceOrientations_iPhone = "UIInterfaceOrientationPortrait UIInterfaceOrientationLandscapeLeft UIInterfaceOrientationLandscapeRight";
				LD_RUNPATH_SEARCH_PATHS = (
					"$(inherited)",
					"@executable_path/Frameworks",
				);
				MARKETING_VERSION = 1.0;
				PRODUCT_BUNDLE_IDENTIFIER = com.alihamedi.RickAndMorty;
				PRODUCT_NAME = "$(TARGET_NAME)";
				SWIFT_EMIT_LOC_STRINGS = YES;
				SWIFT_VERSION = 5.0;
				TARGETED_DEVICE_FAMILY = "1,2";
			};
			name = Release;
		};
/* End XCBuildConfiguration section */

/* Begin XCConfigurationList section */
		CB53106E29D98C0200E3EA5E /* Build configuration list for PBXProject "RickAndMorty" */ = {
			isa = XCConfigurationList;
			buildConfigurations = (
				CB53108529D98C0300E3EA5E /* Debug */,
				CB53108629D98C0300E3EA5E /* Release */,
			);
			defaultConfigurationIsVisible = 0;
			defaultConfigurationName = Release;
		};
		CB53108729D98C0300E3EA5E /* Build configuration list for PBXNativeTarget "RickAndMorty" */ = {
			isa = XCConfigurationList;
			buildConfigurations = (
				CB53108829D98C0300E3EA5E /* Debug */,
				CB53108929D98C0300E3EA5E /* Release */,
			);
			defaultConfigurationIsVisible = 0;
			defaultConfigurationName = Release;
		};
/* End XCConfigurationList section */
	};
	rootObject = CB53106B29D98C0200E3EA5E /* Project object */;
}
